
Microsoft Visual Studio Solution File, Format Version 12.00
# Blend for Visual Studio Version 16
VisualStudioVersion = 16.0.35026.282
MinimumVisualStudioVersion = 10.0.40219.1
Project("{FAE04EC0-301F-11D3-BF4B-00C04F79EFBC}") = "L11WpfApp2", "L11WpfApp2\L11WpfApp2.csproj", "{87678963-BD2C-461B-90AA-2121193AA2D3}"
EndProject
Global
	GlobalSection(SolutionConfigurationPlatforms) = preSolution
		Debug|Any CPU = Debug|Any CPU
		Release|Any CPU = Release|Any CPU
	EndGlobalSection
	GlobalSection(ProjectConfigurationPlatforms) = postSolution
		{87678963-BD2C-461B-90AA-2121193AA2D3}.Debug|Any CPU.ActiveCfg = Debug|Any CPU
		{87678963-BD2C-461B-90AA-2121193AA2D3}.Debug|Any CPU.Build.0 = Debug|Any CPU
		{87678963-BD2C-461B-90AA-2121193AA2D3}.Release|Any CPU.ActiveCfg = Release|Any CPU
		{87678963-BD2C-461B-90AA-2121193AA2D3}.Release|Any CPU.Build.0 = Release|Any CPU
	EndGlobalSection
	GlobalSection(SolutionProperties) = preSolution
		HideSolutionNode = FALSE
	EndGlobalSection
	GlobalSection(ExtensibilityGlobals) = postSolution
		SolutionGuid = {963247A5-43F2-4FAB-BEFF-D21402045657}
	EndGlobalSection
EndGlobal
